// !$*UTF8*$!
{
	archiveVersion = 1;
	classes = {
	};
	objectVersion = 46;
	objects = {

/* Begin PBXBuildFile section */
		3CB394251DFE9B2E00BE9CC0 /* AppDelegate.swift in Sources */ = {isa = PBXBuildFile; fileRef = 3CB394241DFE9B2E00BE9CC0 /* AppDelegate.swift */; };
		3CB394271DFE9B2E00BE9CC0 /* ViewController.swift in Sources */ = {isa = PBXBuildFile; fileRef = 3CB394261DFE9B2E00BE9CC0 /* ViewController.swift */; };
		3CB3942A1DFE9B2E00BE9CC0 /* Main.storyboard in Resources */ = {isa = PBXBuildFile; fileRef = 3CB394281DFE9B2E00BE9CC0 /* Main.storyboard */; };
		3CB3942C1DFE9B2E00BE9CC0 /* Assets.xcassets in Resources */ = {isa = PBXBuildFile; fileRef = 3CB3942B1DFE9B2E00BE9CC0 /* Assets.xcassets */; };
		3CB3942F1DFE9B2E00BE9CC0 /* LaunchScreen.storyboard in Resources */ = {isa = PBXBuildFile; fileRef = 3CB3942D1DFE9B2E00BE9CC0 /* LaunchScreen.storyboard */; };
/* End PBXBuildFile section */

/* Begin PBXFileReference section */
		3CB394211DFE9B2E00BE9CC0 /* AttributedString.app */ = {isa = PBXFileReference; explicitFileType = wrapper.application; includeInIndex = 0; path = AttributedString.app; sourceTree = BUILT_PRODUCTS_DIR; };
		3CB394241DFE9B2E00BE9CC0 /* AppDelegate.swift */ = {isa = PBXFileReference; lastKnownFileType = sourcecode.swift; path = AppDelegate.swift; sourceTree = "<group>"; };
		3CB394261DFE9B2E00BE9CC0 /* ViewController.swift */ = {isa = PBXFileReference; lastKnownFileType = sourcecode.swift; path = ViewController.swift; sourceTree = "<group>"; };
		3CB394291DFE9B2E00BE9CC0 /* Base */ = {isa = PBXFileReference; lastKnownFileType = file.storyboard; name = Base; path = Base.lproj/Main.storyboard; sourceTree = "<group>"; };
		3CB3942B1DFE9B2E00BE9CC0 /* Assets.xcassets */ = {isa = PBXFileReference; lastKnownFileType = folder.assetcatalog; path = Assets.xcassets; sourceTree = "<group>"; };
		3CB3942E1DFE9B2E00BE9CC0 /* Base */ = {isa = PBXFileReference; lastKnownFileType = file.storyboard; name = Base; path = Base.lproj/LaunchScreen.storyboard; sourceTree = "<group>"; };
		3CB394301DFE9B2E00BE9CC0 /* Info.plist */ = {isa = PBXFileReference; lastKnownFileType = text.plist.xml; path = Info.plist; sourceTree = "<group>"; };
/* End PBXFileReference section */

/* Begin PBXFrameworksBuildPhase section */
		3CB3941E1DFE9B2E00BE9CC0 /* Frameworks */ = {
			isa = PBXFrameworksBuildPhase;
			buildActionMask = 2147483647;
			files = (
			);
			runOnlyForDeploymentPostprocessing = 0;
		};
/* End PBXFrameworksBuildPhase section */

/* Begin PBXGroup section */
		3CB394181DFE9B2E00BE9CC0 = {
			isa = PBXGroup;
			children = (
				3CB394231DFE9B2E00BE9CC0 /* AttributedString */,
				3CB394221DFE9B2E00BE9CC0 /* Products */,
			);
			sourceTree = "<group>";
		};
		3CB394221DFE9B2E00BE9CC0 /* Products */ = {
			isa = PBXGroup;
			children = (
				3CB394211DFE9B2E00BE9CC0 /* AttributedString.app */,
			);
			name = Products;
			sourceTree = "<group>";
		};
		3CB394231DFE9B2E00BE9CC0 /* AttributedString */ = {
			isa = PBXGroup;
			children = (
				3CB394241DFE9B2E00BE9CC0 /* AppDelegate.swift */,
				3CB394261DFE9B2E00BE9CC0 /* ViewController.swift */,
				3CB394281DFE9B2E00BE9CC0 /* Main.storyboard */,
				3CB3942B1DFE9B2E00BE9CC0 /* Assets.xcassets */,
				3CB3942D1DFE9B2E00BE9CC0 /* LaunchScreen.storyboard */,
				3CB394301DFE9B2E00BE9CC0 /* Info.plist */,
			);
			path = AttributedString;
			sourceTree = "<group>";
		};
/* End PBXGroup section */

/* Begin PBXNativeTarget section */
		3CB394201DFE9B2E00BE9CC0 /* AttributedString */ = {
			isa = PBXNativeTarget;
			buildConfigurationList = 3CB394331DFE9B2E00BE9CC0 /* Build configuration list for PBXNativeTarget "AttributedString" */;
			buildPhases = (
				3CB3941D1DFE9B2E00BE9CC0 /* Sources */,
				3CB3941E1DFE9B2E00BE9CC0 /* Frameworks */,
				3CB3941F1DFE9B2E00BE9CC0 /* Resources */,
			);
			buildRules = (
			);
			dependencies = (
			);
			name = AttributedString;
			productName = AttributedString;
			productReference = 3CB394211DFE9B2E00BE9CC0 /* AttributedString.app */;
			productType = "com.apple.product-type.application";
		};
/* End PBXNativeTarget section */

/* Begin PBXProject section */
		3CB394191DFE9B2E00BE9CC0 /* Project object */ = {
			isa = PBXProject;
			attributes = {
				LastSwiftUpdateCheck = 0810;
				LastUpgradeCheck = 0810;
				ORGANIZATIONNAME = KingCQ;
				TargetAttributes = {
					3CB394201DFE9B2E00BE9CC0 = {
						CreatedOnToolsVersion = 8.1;
						DevelopmentTeam = 46A8679957;
						ProvisioningStyle = Automatic;
					};
				};
			};
			buildConfigurationList = 3CB3941C1DFE9B2E00BE9CC0 /* Build configuration list for PBXProject "AttributedString" */;
			compatibilityVersion = "Xcode 3.2";
			developmentRegion = English;
			hasScannedForEncodings = 0;
			knownRegions = (
				en,
				Base,
			);
			mainGroup = 3CB394181DFE9B2E00BE9CC0;
			productRefGroup = 3CB394221DFE9B2E00BE9CC0 /* Products */;
			projectDirPath = "";
			projectRoot = "";
			targets = (
				3CB394201DFE9B2E00BE9CC0 /* AttributedString */,
			);
		};
/* End PBXProject section */

/* Begin PBXResourcesBuildPhase section */
		3CB3941F1DFE9B2E00BE9CC0 /* Resources */ = {
			isa = PBXResourcesBuildPhase;
			buildActionMask = 2147483647;
			files = (
				3CB3942F1DFE9B2E00BE9CC0 /* LaunchScreen.storyboard in Resources */,
				3CB3942C1DFE9B2E00BE9CC0 /* Assets.xcassets in Resources */,
				3CB3942A1DFE9B2E00BE9CC0 /* Main.storyboard in Resources */,
			);
			runOnlyForDeploymentPostprocessing = 0;
		};
/* End PBXResourcesBuildPhase section */

/* Begin PBXSourcesBuildPhase section */
		3CB3941D1DFE9B2E00BE9CC0 /* Sources */ = {
			isa = PBXSourcesBuildPhase;
			buildActionMask = 2147483647;
			files = (
				3CB394271DFE9B2E00BE9CC0 /* ViewController.swift in Sources */,
				3CB394251DFE9B2E00BE9CC0 /* AppDelegate.swift in Sources */,
			);
			runOnlyForDeploymentPostprocessing = 0;
		};
/* End PBXSourcesBuildPhase section */

/* Begin PBXVariantGroup section */
		3CB394281DFE9B2E00BE9CC0 /* Main.storyboard */ = {
			isa = PBXVariantGroup;
			children = (
				3CB394291DFE9B2E00BE9CC0 /* Base */,
			);
			name = Main.storyboard;
			sourceTree = "<group>";
		};
		3CB3942D1DFE9B2E00BE9CC0 /* LaunchScreen.storyboard */ = {
			isa = PBXVariantGroup;
			children = (
				3CB3942E1DFE9B2E00BE9CC0 /* Base */,
			);
			name = LaunchScreen.storyboard;
			sourceTree = "<group>";
		};
/* End PBXVariantGroup section */

/* Begin XCBuildConfiguration section */
		3CB394311DFE9B2E00BE9CC0 /* Debug */ = {
			isa = XCBuildConfiguration;
			buildSettings = {
				ALWAYS_SEARCH_USER_PATHS = NO;
				CLANG_ANALYZER_NONNULL = YES;
				CLANG_CXX_LANGUAGE_STANDARD = "gnu++0x";
				CLANG_CXX_LIBRARY = "libc++";
				CLANG_ENABLE_MODULES = YES;
				CLANG_ENABLE_OBJC_ARC = YES;
				CLANG_WARN_BOOL_CONVERSION = YES;
				CLANG_WARN_CONSTANT_CONVERSION = YES;
				CLANG_WARN_DIRECT_OBJC_ISA_USAGE = YES_ERROR;
				CLANG_WARN_DOCUMENTATION_COMMENTS = YES;
				CLANG_WARN_EMPTY_BODY = YES;
				CLANG_WARN_ENUM_CONVERSION = YES;
				CLANG_WARN_INFINITE_RECURSION = YES;
				CLANG_WARN_INT_CONVERSION = YES;
				CLANG_WARN_OBJC_ROOT_CLASS = YES_ERROR;
				CLANG_WARN_SUSPICIOUS_MOVES = YES;
				CLANG_WARN_UNREACHABLE_CODE = YES;
				CLANG_WARN__DUPLICATE_METHOD_MATCH = YES;
				"CODE_SIGN_IDENTITY[sdk=iphoneos*]" = "iPhone Developer";
				COPY_PHASE_STRIP = NO;
				DEBUG_INFORMATION_FORMAT = dwarf;
				ENABLE_STRICT_OBJC_MSGSEND = YES;
				ENABLE_TESTABILITY = YES;
				GCC_C_LANGUAGE_STANDARD = gnu99;
				GCC_DYNAMIC_NO_PIC = NO;
				GCC_NO_COMMON_BLOCKS = YES;
				GCC_OPTIMIZATION_LEVEL = 0;
				GCC_PREPROCESSOR_DEFINITIONS = (
					"DEBUG=1",
					"$(inherited)",
				);
				GCC_WARN_64_TO_32_BIT_CONVERSION = YES;
				GCC_WARN_ABOUT_RETURN_TYPE = YES_ERROR;
				GCC_WARN_UNDECLARED_SELECTOR = YES;
				GCC_WARN_UNINITIALIZED_AUTOS = YES_AGGRESSIVE;
				GCC_WARN_UNUSED_FUNCTION = YES;
				GCC_WARN_UNUSED_VARIABLE = YES;
				IPHONEOS_DEPLOYMENT_TARGET = 10.1;
				MTL_ENABLE_DEBUG_INFO = YES;
				ONLY_ACTIVE_ARCH = YES;
				SDKROOT = iphoneos;
				SWIFT_ACTIVE_COMPILATION_CONDITIONS = DEBUG;
				SWIFT_OPTIMIZATION_LEVEL = "-Onone";
				TARGETED_DEVICE_FAMILY = "1,2";
			};
			name = Debug;
		};
		3CB394321DFE9B2E00BE9CC0 /* Release */ = {
			isa = XCBuildConfiguration;
			buildSettings = {
				ALWAYS_SEARCH_USER_PATHS = NO;
				CLANG_ANALYZER_NONNULL = YES;
				CLANG_CXX_LANGUAGE_STANDARD = "gnu++0x";
				CLANG_CXX_LIBRARY = "libc++";
				CLANG_ENABLE_MODULES = YES;
				CLANG_ENABLE_OBJC_ARC = YES;
				CLANG_WARN_BOOL_CONVERSION = YES;
				CLANG_WARN_CONSTANT_CONVERSION = YES;
				CLANG_WARN_DIRECT_OBJC_ISA_USAGE = YES_ERROR;
				CLANG_WARN_DOCUMENTATION_COMMENTS = YES;
				CLANG_WARN_EMPTY_BODY = YES;
				CLANG_WARN_ENUM_CONVERSION = YES;
				CLANG_WARN_INFINITE_RECURSION = YES;
				CLANG_WARN_INT_CONVERSION = YES;
				CLANG_WARN_OBJC_ROOT_CLASS = YES_ERROR;
				CLANG_WARN_SUSPICIOUS_MOVES = YES;
				CLANG_WARN_UNREACHABLE_CODE = YES;
				CLANG_WARN__DUPLICATE_METHOD_MATCH = YES;
				"CODE_SIGN_IDENTITY[sdk=iphoneos*]" = "iPhone Developer";
				COPY_PHASE_STRIP = NO;
				DEBUG_INFORMATION_FORMAT = "dwarf-with-dsym";
				ENABLE_NS_ASSERTIONS = NO;
				ENABLE_STRICT_OBJC_MSGSEND = YES;
				GCC_C_LANGUAGE_STANDARD = gnu99;
				GCC_NO_COMMON_BLOCKS = YES;
				GCC_WARN_64_TO_32_BIT_CONVERSION = YES;
				GCC_WARN_ABOUT_RETURN_TYPE = YES_ERROR;
				GCC_WARN_UNDECLARED_SELECTOR = YES;
				GCC_WARN_UNINITIALIZED_AUTOS = YES_AGGRESSIVE;
				GCC_WARN_UNUSED_FUNCTION = YES;
				GCC_WARN_UNUSED_VARIABLE = YES;
				IPHONEOS_DEPLOYMENT_TARGET = 10.1;
				MTL_ENABLE_DEBUG_INFO = NO;
				SDKROOT = iphoneos;
				SWIFT_OPTIMIZATION_LEVEL = "-Owholemodule";
				TARGETED_DEVICE_FAMILY = "1,2";
				VALIDATE_PRODUCT = YES;
			};
			name = Release;
		};
		3CB394341DFE9B2E00BE9CC0 /* Debug */ = {
			isa = XCBuildConfiguration;
			buildSettings = {
				ASSETCATALOG_COMPILER_APPICON_NAME = AppIcon;
				DEVELOPMENT_TEAM = 46A8679957;
				INFOPLIST_FILE = AttributedString/Info.plist;
				LD_RUNPATH_SEARCH_PATHS = "$(inherited) @executable_path/Frameworks";
				PRODUCT_BUNDLE_IDENTIFIER = com.KingCQ.AttributedString;
				PRODUCT_NAME = "$(TARGET_NAME)";
				SWIFT_VERSION = 3.0;
			};
			name = Debug;
		};
		3CB394351DFE9B2E00BE9CC0 /* Release */ = {
			isa = XCBuildConfiguration;
			buildSettings = {
				ASSETCATALOG_COMPILER_APPICON_NAME = AppIcon;
				DEVELOPMENT_TEAM = 46A8679957;
				INFOPLIST_FILE = AttributedString/Info.plist;
				LD_RUNPATH_SEARCH_PATHS = "$(inherited) @executable_path/Frameworks";
				PRODUCT_BUNDLE_IDENTIFIER = com.KingCQ.AttributedString;
				PRODUCT_NAME = "$(TARGET_NAME)";
				SWIFT_VERSION = 3.0;
			};
			name = Release;
		};
/* End XCBuildConfiguration section */

/* Begin XCConfigurationList section */
		3CB3941C1DFE9B2E00BE9CC0 /* Build configuration list for PBXProject "AttributedString" */ = {
			isa = XCConfigurationList;
			buildConfigurations = (
				3CB394311DFE9B2E00BE9CC0 /* Debug */,
				3CB394321DFE9B2E00BE9CC0 /* Release */,
			);
			defaultConfigurationIsVisible = 0;
			defaultConfigurationName = Release;
		};
		3CB394331DFE9B2E00BE9CC0 /* Build configuration list for PBXNativeTarget "AttributedString" */ = {
			isa = XCConfigurationList;
			buildConfigurations = (
				3CB394341DFE9B2E00BE9CC0 /* Debug */,
				3CB394351DFE9B2E00BE9CC0 /* Release */,
			);
			defaultConfigurationIsVisible = 0;
		};
/* End XCConfigurationList section */
	};
	rootObject = 3CB394191DFE9B2E00BE9CC0 /* Project object */;
}
