// !$*UTF8*$!
{
	archiveVersion = 1;
	classes = {
	};
	objectVersion = 46;
	objects = {

/* Begin PBXBuildFile section */
		3C30B0411DFF83530089C16C /* ViewController.swift in Sources */ = {isa = PBXBuildFile; fileRef = 3C30B0401DFF83530089C16C /* ViewController.swift */; };
		3C320A211DF58161007F4A6B /* AppDelegate.swift in Sources */ = {isa = PBXBuildFile; fileRef = 3C320A201DF58161007F4A6B /* AppDelegate.swift */; };
		3C320A231DF58161007F4A6B /* BaseViewController.swift in Sources */ = {isa = PBXBuildFile; fileRef = 3C320A221DF58161007F4A6B /* BaseViewController.swift */; };
		3C320A261DF58161007F4A6B /* Main.storyboard in Resources */ = {isa = PBXBuildFile; fileRef = 3C320A241DF58161007F4A6B /* Main.storyboard */; };
		3C320A281DF58161007F4A6B /* Assets.xcassets in Resources */ = {isa = PBXBuildFile; fileRef = 3C320A271DF58161007F4A6B /* Assets.xcassets */; };
		3C320A2B1DF58161007F4A6B /* LaunchScreen.storyboard in Resources */ = {isa = PBXBuildFile; fileRef = 3C320A291DF58161007F4A6B /* LaunchScreen.storyboard */; };
		3C320A331DF58181007F4A6B /* BaseController.swift in Sources */ = {isa = PBXBuildFile; fileRef = 3C320A321DF58181007F4A6B /* BaseController.swift */; };
		3C320A3B1DF58469007F4A6B /* Food.swift in Sources */ = {isa = PBXBuildFile; fileRef = 3C320A3A1DF58469007F4A6B /* Food.swift */; };
		3C320A3D1DF5851C007F4A6B /* Rice.swift in Sources */ = {isa = PBXBuildFile; fileRef = 3C320A3C1DF5851C007F4A6B /* Rice.swift */; };
		3C320A3F1DF59D7B007F4A6B /* GenericFunction.swift in Sources */ = {isa = PBXBuildFile; fileRef = 3C320A3E1DF59D7B007F4A6B /* GenericFunction.swift */; };
		3C320A411DF59DE4007F4A6B /* GenericClass.swift in Sources */ = {isa = PBXBuildFile; fileRef = 3C320A401DF59DE4007F4A6B /* GenericClass.swift */; };
		3C320A431DF5A37C007F4A6B /* BaseGenericClass.swift in Sources */ = {isa = PBXBuildFile; fileRef = 3C320A421DF5A37C007F4A6B /* BaseGenericClass.swift */; };
		3C320A471DF64C4F007F4A6B /* SubGenericClass.swift in Sources */ = {isa = PBXBuildFile; fileRef = 3C320A461DF64C4F007F4A6B /* SubGenericClass.swift */; };
		3C320A491DF64D41007F4A6B /* Porridge.swift in Sources */ = {isa = PBXBuildFile; fileRef = 3C320A481DF64D41007F4A6B /* Porridge.swift */; };
/* End PBXBuildFile section */

/* Begin PBXFileReference section */
		3C30B0401DFF83530089C16C /* ViewController.swift */ = {isa = PBXFileReference; fileEncoding = 4; lastKnownFileType = sourcecode.swift; path = ViewController.swift; sourceTree = "<group>"; };
		3C320A1D1DF58161007F4A6B /* Generic.app */ = {isa = PBXFileReference; explicitFileType = wrapper.application; includeInIndex = 0; path = Generic.app; sourceTree = BUILT_PRODUCTS_DIR; };
		3C320A201DF58161007F4A6B /* AppDelegate.swift */ = {isa = PBXFileReference; lastKnownFileType = sourcecode.swift; path = AppDelegate.swift; sourceTree = "<group>"; };
		3C320A221DF58161007F4A6B /* BaseViewController.swift */ = {isa = PBXFileReference; lastKnownFileType = sourcecode.swift; path = BaseViewController.swift; sourceTree = "<group>"; };
		3C320A251DF58161007F4A6B /* Base */ = {isa = PBXFileReference; lastKnownFileType = file.storyboard; name = Base; path = Base.lproj/Main.storyboard; sourceTree = "<group>"; };
		3C320A271DF58161007F4A6B /* Assets.xcassets */ = {isa = PBXFileReference; lastKnownFileType = folder.assetcatalog; path = Assets.xcassets; sourceTree = "<group>"; };
		3C320A2A1DF58161007F4A6B /* Base */ = {isa = PBXFileReference; lastKnownFileType = file.storyboard; name = Base; path = Base.lproj/LaunchScreen.storyboard; sourceTree = "<group>"; };
		3C320A2C1DF58161007F4A6B /* Info.plist */ = {isa = PBXFileReference; lastKnownFileType = text.plist.xml; path = Info.plist; sourceTree = "<group>"; };
		3C320A321DF58181007F4A6B /* BaseController.swift */ = {isa = PBXFileReference; fileEncoding = 4; lastKnownFileType = sourcecode.swift; path = BaseController.swift; sourceTree = "<group>"; };
		3C320A3A1DF58469007F4A6B /* Food.swift */ = {isa = PBXFileReference; fileEncoding = 4; lastKnownFileType = sourcecode.swift; path = Food.swift; sourceTree = "<group>"; };
		3C320A3C1DF5851C007F4A6B /* Rice.swift */ = {isa = PBXFileReference; fileEncoding = 4; lastKnownFileType = sourcecode.swift; path = Rice.swift; sourceTree = "<group>"; };
		3C320A3E1DF59D7B007F4A6B /* GenericFunction.swift */ = {isa = PBXFileReference; fileEncoding = 4; lastKnownFileType = sourcecode.swift; path = GenericFunction.swift; sourceTree = "<group>"; };
		3C320A401DF59DE4007F4A6B /* GenericClass.swift */ = {isa = PBXFileReference; fileEncoding = 4; lastKnownFileType = sourcecode.swift; path = GenericClass.swift; sourceTree = "<group>"; };
		3C320A421DF5A37C007F4A6B /* BaseGenericClass.swift */ = {isa = PBXFileReference; fileEncoding = 4; lastKnownFileType = sourcecode.swift; path = BaseGenericClass.swift; sourceTree = "<group>"; };
		3C320A461DF64C4F007F4A6B /* SubGenericClass.swift */ = {isa = PBXFileReference; fileEncoding = 4; lastKnownFileType = sourcecode.swift; name = SubGenericClass.swift; path = ../SubGenericClass.swift; sourceTree = "<group>"; };
		3C320A481DF64D41007F4A6B /* Porridge.swift */ = {isa = PBXFileReference; fileEncoding = 4; lastKnownFileType = sourcecode.swift; path = Porridge.swift; sourceTree = "<group>"; };
/* End PBXFileReference section */

/* Begin PBXFrameworksBuildPhase section */
		3C320A1A1DF58161007F4A6B /* Frameworks */ = {
			isa = PBXFrameworksBuildPhase;
			buildActionMask = 2147483647;
			files = (
			);
			runOnlyForDeploymentPostprocessing = 0;
		};
/* End PBXFrameworksBuildPhase section */

/* Begin PBXGroup section */
		3C320A141DF58161007F4A6B = {
			isa = PBXGroup;
			children = (
				3C320A1F1DF58161007F4A6B /* Generic */,
				3C320A1E1DF58161007F4A6B /* Products */,
			);
			sourceTree = "<group>";
		};
		3C320A1E1DF58161007F4A6B /* Products */ = {
			isa = PBXGroup;
			children = (
				3C320A1D1DF58161007F4A6B /* Generic.app */,
			);
			name = Products;
			sourceTree = "<group>";
		};
		3C320A1F1DF58161007F4A6B /* Generic */ = {
			isa = PBXGroup;
			children = (
				3C320A201DF58161007F4A6B /* AppDelegate.swift */,
				3C320A221DF58161007F4A6B /* BaseViewController.swift */,
				3C320A241DF58161007F4A6B /* Main.storyboard */,
				3C320A271DF58161007F4A6B /* Assets.xcassets */,
				3C320A291DF58161007F4A6B /* LaunchScreen.storyboard */,
				3C320A2C1DF58161007F4A6B /* Info.plist */,
				3C320A321DF58181007F4A6B /* BaseController.swift */,
				3C320A3A1DF58469007F4A6B /* Food.swift */,
				3C320A3C1DF5851C007F4A6B /* Rice.swift */,
				3C320A481DF64D41007F4A6B /* Porridge.swift */,
				3C320A3E1DF59D7B007F4A6B /* GenericFunction.swift */,
				3C320A461DF64C4F007F4A6B /* SubGenericClass.swift */,
				3C320A401DF59DE4007F4A6B /* GenericClass.swift */,
				3C320A421DF5A37C007F4A6B /* BaseGenericClass.swift */,
				3C30B0401DFF83530089C16C /* ViewController.swift */,
			);
			path = Generic;
			sourceTree = "<group>";
		};
/* End PBXGroup section */

/* Begin PBXNativeTarget section */
		3C320A1C1DF58161007F4A6B /* Generic */ = {
			isa = PBXNativeTarget;
			buildConfigurationList = 3C320A2F1DF58161007F4A6B /* Build configuration list for PBXNativeTarget "Generic" */;
			buildPhases = (
				3C320A191DF58161007F4A6B /* Sources */,
				3C320A1A1DF58161007F4A6B /* Frameworks */,
				3C320A1B1DF58161007F4A6B /* Resources */,
			);
			buildRules = (
			);
			dependencies = (
			);
			name = Generic;
			productName = Generic;
			productReference = 3C320A1D1DF58161007F4A6B /* Generic.app */;
			productType = "com.apple.product-type.application";
		};
/* End PBXNativeTarget section */

/* Begin PBXProject section */
		3C320A151DF58161007F4A6B /* Project object */ = {
			isa = PBXProject;
			attributes = {
				LastSwiftUpdateCheck = 0810;
				LastUpgradeCheck = 0810;
				ORGANIZATIONNAME = KingCQ;
				TargetAttributes = {
					3C320A1C1DF58161007F4A6B = {
						CreatedOnToolsVersion = 8.1;
						DevelopmentTeam = 46A8679957;
						ProvisioningStyle = Automatic;
					};
				};
			};
			buildConfigurationList = 3C320A181DF58161007F4A6B /* Build configuration list for PBXProject "Generic" */;
			compatibilityVersion = "Xcode 3.2";
			developmentRegion = English;
			hasScannedForEncodings = 0;
			knownRegions = (
				en,
				Base,
			);
			mainGroup = 3C320A141DF58161007F4A6B;
			productRefGroup = 3C320A1E1DF58161007F4A6B /* Products */;
			projectDirPath = "";
			projectRoot = "";
			targets = (
				3C320A1C1DF58161007F4A6B /* Generic */,
			);
		};
/* End PBXProject section */

/* Begin PBXResourcesBuildPhase section */
		3C320A1B1DF58161007F4A6B /* Resources */ = {
			isa = PBXResourcesBuildPhase;
			buildActionMask = 2147483647;
			files = (
				3C320A2B1DF58161007F4A6B /* LaunchScreen.storyboard in Resources */,
				3C320A281DF58161007F4A6B /* Assets.xcassets in Resources */,
				3C320A261DF58161007F4A6B /* Main.storyboard in Resources */,
			);
			runOnlyForDeploymentPostprocessing = 0;
		};
/* End PBXResourcesBuildPhase section */

/* Begin PBXSourcesBuildPhase section */
		3C320A191DF58161007F4A6B /* Sources */ = {
			isa = PBXSourcesBuildPhase;
			buildActionMask = 2147483647;
			files = (
				3C320A411DF59DE4007F4A6B /* GenericClass.swift in Sources */,
				3C320A431DF5A37C007F4A6B /* BaseGenericClass.swift in Sources */,
				3C320A3D1DF5851C007F4A6B /* Rice.swift in Sources */,
				3C320A3F1DF59D7B007F4A6B /* GenericFunction.swift in Sources */,
				3C30B0411DFF83530089C16C /* ViewController.swift in Sources */,
				3C320A3B1DF58469007F4A6B /* Food.swift in Sources */,
				3C320A491DF64D41007F4A6B /* Porridge.swift in Sources */,
				3C320A471DF64C4F007F4A6B /* SubGenericClass.swift in Sources */,
				3C320A231DF58161007F4A6B /* BaseViewController.swift in Sources */,
				3C320A211DF58161007F4A6B /* AppDelegate.swift in Sources */,
				3C320A331DF58181007F4A6B /* BaseController.swift in Sources */,
			);
			runOnlyForDeploymentPostprocessing = 0;
		};
/* End PBXSourcesBuildPhase section */

/* Begin PBXVariantGroup section */
		3C320A241DF58161007F4A6B /* Main.storyboard */ = {
			isa = PBXVariantGroup;
			children = (
				3C320A251DF58161007F4A6B /* Base */,
			);
			name = Main.storyboard;
			sourceTree = "<group>";
		};
		3C320A291DF58161007F4A6B /* LaunchScreen.storyboard */ = {
			isa = PBXVariantGroup;
			children = (
				3C320A2A1DF58161007F4A6B /* Base */,
			);
			name = LaunchScreen.storyboard;
			sourceTree = "<group>";
		};
/* End PBXVariantGroup section */

/* Begin XCBuildConfiguration section */
		3C320A2D1DF58161007F4A6B /* Debug */ = {
			isa = XCBuildConfiguration;
			buildSettings = {
				ALWAYS_SEARCH_USER_PATHS = NO;
				CLANG_ANALYZER_NONNULL = YES;
				CLANG_CXX_LANGUAGE_STANDARD = "gnu++0x";
				CLANG_CXX_LIBRARY = "libc++";
				CLANG_ENABLE_MODULES = YES;
				CLANG_ENABLE_OBJC_ARC = YES;
				CLANG_WARN_BOOL_CONVERSION = YES;
				CLANG_WARN_CONSTANT_CONVERSION = YES;
				CLANG_WARN_DIRECT_OBJC_ISA_USAGE = YES_ERROR;
				CLANG_WARN_DOCUMENTATION_COMMENTS = YES;
				CLANG_WARN_EMPTY_BODY = YES;
				CLANG_WARN_ENUM_CONVERSION = YES;
				CLANG_WARN_INFINITE_RECURSION = YES;
				CLANG_WARN_INT_CONVERSION = YES;
				CLANG_WARN_OBJC_ROOT_CLASS = YES_ERROR;
				CLANG_WARN_SUSPICIOUS_MOVES = YES;
				CLANG_WARN_UNREACHABLE_CODE = YES;
				CLANG_WARN__DUPLICATE_METHOD_MATCH = YES;
				"CODE_SIGN_IDENTITY[sdk=iphoneos*]" = "iPhone Developer";
				COPY_PHASE_STRIP = NO;
				DEBUG_INFORMATION_FORMAT = dwarf;
				ENABLE_STRICT_OBJC_MSGSEND = YES;
				ENABLE_TESTABILITY = YES;
				GCC_C_LANGUAGE_STANDARD = gnu99;
				GCC_DYNAMIC_NO_PIC = NO;
				GCC_NO_COMMON_BLOCKS = YES;
				GCC_OPTIMIZATION_LEVEL = 0;
				GCC_PREPROCESSOR_DEFINITIONS = (
					"DEBUG=1",
					"$(inherited)",
				);
				GCC_WARN_64_TO_32_BIT_CONVERSION = YES;
				GCC_WARN_ABOUT_RETURN_TYPE = YES_ERROR;
				GCC_WARN_UNDECLARED_SELECTOR = YES;
				GCC_WARN_UNINITIALIZED_AUTOS = YES_AGGRESSIVE;
				GCC_WARN_UNUSED_FUNCTION = YES;
				GCC_WARN_UNUSED_VARIABLE = YES;
				IPHONEOS_DEPLOYMENT_TARGET = 10.1;
				MTL_ENABLE_DEBUG_INFO = YES;
				ONLY_ACTIVE_ARCH = YES;
				SDKROOT = iphoneos;
				SWIFT_ACTIVE_COMPILATION_CONDITIONS = DEBUG;
				SWIFT_OPTIMIZATION_LEVEL = "-Onone";
				TARGETED_DEVICE_FAMILY = "1,2";
			};
			name = Debug;
		};
		3C320A2E1DF58161007F4A6B /* Release */ = {
			isa = XCBuildConfiguration;
			buildSettings = {
				ALWAYS_SEARCH_USER_PATHS = NO;
				CLANG_ANALYZER_NONNULL = YES;
				CLANG_CXX_LANGUAGE_STANDARD = "gnu++0x";
				CLANG_CXX_LIBRARY = "libc++";
				CLANG_ENABLE_MODULES = YES;
				CLANG_ENABLE_OBJC_ARC = YES;
				CLANG_WARN_BOOL_CONVERSION = YES;
				CLANG_WARN_CONSTANT_CONVERSION = YES;
				CLANG_WARN_DIRECT_OBJC_ISA_USAGE = YES_ERROR;
				CLANG_WARN_DOCUMENTATION_COMMENTS = YES;
				CLANG_WARN_EMPTY_BODY = YES;
				CLANG_WARN_ENUM_CONVERSION = YES;
				CLANG_WARN_INFINITE_RECURSION = YES;
				CLANG_WARN_INT_CONVERSION = YES;
				CLANG_WARN_OBJC_ROOT_CLASS = YES_ERROR;
				CLANG_WARN_SUSPICIOUS_MOVES = YES;
				CLANG_WARN_UNREACHABLE_CODE = YES;
				CLANG_WARN__DUPLICATE_METHOD_MATCH = YES;
				"CODE_SIGN_IDENTITY[sdk=iphoneos*]" = "iPhone Developer";
				COPY_PHASE_STRIP = NO;
				DEBUG_INFORMATION_FORMAT = "dwarf-with-dsym";
				ENABLE_NS_ASSERTIONS = NO;
				ENABLE_STRICT_OBJC_MSGSEND = YES;
				GCC_C_LANGUAGE_STANDARD = gnu99;
				GCC_NO_COMMON_BLOCKS = YES;
				GCC_WARN_64_TO_32_BIT_CONVERSION = YES;
				GCC_WARN_ABOUT_RETURN_TYPE = YES_ERROR;
				GCC_WARN_UNDECLARED_SELECTOR = YES;
				GCC_WARN_UNINITIALIZED_AUTOS = YES_AGGRESSIVE;
				GCC_WARN_UNUSED_FUNCTION = YES;
				GCC_WARN_UNUSED_VARIABLE = YES;
				IPHONEOS_DEPLOYMENT_TARGET = 10.1;
				MTL_ENABLE_DEBUG_INFO = NO;
				SDKROOT = iphoneos;
				SWIFT_OPTIMIZATION_LEVEL = "-Owholemodule";
				TARGETED_DEVICE_FAMILY = "1,2";
				VALIDATE_PRODUCT = YES;
			};
			name = Release;
		};
		3C320A301DF58161007F4A6B /* Debug */ = {
			isa = XCBuildConfiguration;
			buildSettings = {
				ASSETCATALOG_COMPILER_APPICON_NAME = AppIcon;
				DEVELOPMENT_TEAM = 46A8679957;
				INFOPLIST_FILE = Generic/Info.plist;
				LD_RUNPATH_SEARCH_PATHS = "$(inherited) @executable_path/Frameworks";
				PRODUCT_BUNDLE_IDENTIFIER = com.KingCQ.Generic;
				PRODUCT_NAME = "$(TARGET_NAME)";
				SWIFT_VERSION = 3.0;
			};
			name = Debug;
		};
		3C320A311DF58161007F4A6B /* Release */ = {
			isa = XCBuildConfiguration;
			buildSettings = {
				ASSETCATALOG_COMPILER_APPICON_NAME = AppIcon;
				DEVELOPMENT_TEAM = 46A8679957;
				INFOPLIST_FILE = Generic/Info.plist;
				LD_RUNPATH_SEARCH_PATHS = "$(inherited) @executable_path/Frameworks";
				PRODUCT_BUNDLE_IDENTIFIER = com.KingCQ.Generic;
				PRODUCT_NAME = "$(TARGET_NAME)";
				SWIFT_VERSION = 3.0;
			};
			name = Release;
		};
/* End XCBuildConfiguration section */

/* Begin XCConfigurationList section */
		3C320A181DF58161007F4A6B /* Build configuration list for PBXProject "Generic" */ = {
			isa = XCConfigurationList;
			buildConfigurations = (
				3C320A2D1DF58161007F4A6B /* Debug */,
				3C320A2E1DF58161007F4A6B /* Release */,
			);
			defaultConfigurationIsVisible = 0;
			defaultConfigurationName = Release;
		};
		3C320A2F1DF58161007F4A6B /* Build configuration list for PBXNativeTarget "Generic" */ = {
			isa = XCConfigurationList;
			buildConfigurations = (
				3C320A301DF58161007F4A6B /* Debug */,
				3C320A311DF58161007F4A6B /* Release */,
			);
			defaultConfigurationIsVisible = 0;
			defaultConfigurationName = Release;
		};
/* End XCConfigurationList section */
	};
	rootObject = 3C320A151DF58161007F4A6B /* Project object */;
}
